// !$*UTF8*$!
{
	archiveVersion = 1;
	classes = {
	};
	objectVersion = 50;
	objects = {

/* Begin PBXBuildFile section */
		3D70932F26DF3ED9005B1261 /* AppDelegate.swift in Sources */ = {isa = PBXBuildFile; fileRef = 3D70932E26DF3ED9005B1261 /* AppDelegate.swift */; };
		3D70933126DF3ED9005B1261 /* SceneDelegate.swift in Sources */ = {isa = PBXBuildFile; fileRef = 3D70933026DF3ED9005B1261 /* SceneDelegate.swift */; };
		3D70933326DF3ED9005B1261 /* ViewController.swift in Sources */ = {isa = PBXBuildFile; fileRef = 3D70933226DF3ED9005B1261 /* ViewController.swift */; };
		3D70933626DF3ED9005B1261 /* Main.storyboard in Resources */ = {isa = PBXBuildFile; fileRef = 3D70933426DF3ED9005B1261 /* Main.storyboard */; };
		3D70933826DF3EDB005B1261 /* Assets.xcassets in Resources */ = {isa = PBXBuildFile; fileRef = 3D70933726DF3EDB005B1261 /* Assets.xcassets */; };
		3D70933B26DF3EDB005B1261 /* LaunchScreen.storyboard in Resources */ = {isa = PBXBuildFile; fileRef = 3D70933926DF3EDB005B1261 /* LaunchScreen.storyboard */; };
		3D70934626DF3EDB005B1261 /* PropinasTests.swift in Sources */ = {isa = PBXBuildFile; fileRef = 3D70934526DF3EDB005B1261 /* PropinasTests.swift */; };
		3D70935126DF3EDC005B1261 /* PropinasUITests.swift in Sources */ = {isa = PBXBuildFile; fileRef = 3D70935026DF3EDC005B1261 /* PropinasUITests.swift */; };
/* End PBXBuildFile section */

/* Begin PBXContainerItemProxy section */
		3D70934226DF3EDB005B1261 /* PBXContainerItemProxy */ = {
			isa = PBXContainerItemProxy;
			containerPortal = 3D70932326DF3ED9005B1261 /* Project object */;
			proxyType = 1;
			remoteGlobalIDString = 3D70932A26DF3ED9005B1261;
			remoteInfo = Propinas;
		};
		3D70934D26DF3EDB005B1261 /* PBXContainerItemProxy */ = {
			isa = PBXContainerItemProxy;
			containerPortal = 3D70932326DF3ED9005B1261 /* Project object */;
			proxyType = 1;
			remoteGlobalIDString = 3D70932A26DF3ED9005B1261;
			remoteInfo = Propinas;
		};
/* End PBXContainerItemProxy section */

/* Begin PBXFileReference section */
		3D70932B26DF3ED9005B1261 /* Propinas.app */ = {isa = PBXFileReference; explicitFileType = wrapper.application; includeInIndex = 0; path = Propinas.app; sourceTree = BUILT_PRODUCTS_DIR; };
		3D70932E26DF3ED9005B1261 /* AppDelegate.swift */ = {isa = PBXFileReference; lastKnownFileType = sourcecode.swift; path = AppDelegate.swift; sourceTree = "<group>"; };
		3D70933026DF3ED9005B1261 /* SceneDelegate.swift */ = {isa = PBXFileReference; lastKnownFileType = sourcecode.swift; path = SceneDelegate.swift; sourceTree = "<group>"; };
		3D70933226DF3ED9005B1261 /* ViewController.swift */ = {isa = PBXFileReference; lastKnownFileType = sourcecode.swift; path = ViewController.swift; sourceTree = "<group>"; };
		3D70933526DF3ED9005B1261 /* Base */ = {isa = PBXFileReference; lastKnownFileType = file.storyboard; name = Base; path = Base.lproj/Main.storyboard; sourceTree = "<group>"; };
		3D70933726DF3EDB005B1261 /* Assets.xcassets */ = {isa = PBXFileReference; lastKnownFileType = folder.assetcatalog; path = Assets.xcassets; sourceTree = "<group>"; };
		3D70933A26DF3EDB005B1261 /* Base */ = {isa = PBXFileReference; lastKnownFileType = file.storyboard; name = Base; path = Base.lproj/LaunchScreen.storyboard; sourceTree = "<group>"; };
		3D70933C26DF3EDB005B1261 /* Info.plist */ = {isa = PBXFileReference; lastKnownFileType = text.plist.xml; path = Info.plist; sourceTree = "<group>"; };
		3D70934126DF3EDB005B1261 /* PropinasTests.xctest */ = {isa = PBXFileReference; explicitFileType = wrapper.cfbundle; includeInIndex = 0; path = PropinasTests.xctest; sourceTree = BUILT_PRODUCTS_DIR; };
		3D70934526DF3EDB005B1261 /* PropinasTests.swift */ = {isa = PBXFileReference; lastKnownFileType = sourcecode.swift; path = PropinasTests.swift; sourceTree = "<group>"; };
		3D70934726DF3EDB005B1261 /* Info.plist */ = {isa = PBXFileReference; lastKnownFileType = text.plist.xml; path = Info.plist; sourceTree = "<group>"; };
		3D70934C26DF3EDB005B1261 /* PropinasUITests.xctest */ = {isa = PBXFileReference; explicitFileType = wrapper.cfbundle; includeInIndex = 0; path = PropinasUITests.xctest; sourceTree = BUILT_PRODUCTS_DIR; };
		3D70935026DF3EDC005B1261 /* PropinasUITests.swift */ = {isa = PBXFileReference; lastKnownFileType = sourcecode.swift; path = PropinasUITests.swift; sourceTree = "<group>"; };
		3D70935226DF3EDC005B1261 /* Info.plist */ = {isa = PBXFileReference; lastKnownFileType = text.plist.xml; path = Info.plist; sourceTree = "<group>"; };
/* End PBXFileReference section */

/* Begin PBXFrameworksBuildPhase section */
		3D70932826DF3ED9005B1261 /* Frameworks */ = {
			isa = PBXFrameworksBuildPhase;
			buildActionMask = 2147483647;
			files = (
			);
			runOnlyForDeploymentPostprocessing = 0;
		};
		3D70933E26DF3EDB005B1261 /* Frameworks */ = {
			isa = PBXFrameworksBuildPhase;
			buildActionMask = 2147483647;
			files = (
			);
			runOnlyForDeploymentPostprocessing = 0;
		};
		3D70934926DF3EDB005B1261 /* Frameworks */ = {
			isa = PBXFrameworksBuildPhase;
			buildActionMask = 2147483647;
			files = (
			);
			runOnlyForDeploymentPostprocessing = 0;
		};
/* End PBXFrameworksBuildPhase section */

/* Begin PBXGroup section */
		3D70932226DF3ED9005B1261 = {
			isa = PBXGroup;
			children = (
				3D70932D26DF3ED9005B1261 /* Propinas */,
				3D70934426DF3EDB005B1261 /* PropinasTests */,
				3D70934F26DF3EDB005B1261 /* PropinasUITests */,
				3D70932C26DF3ED9005B1261 /* Products */,
			);
			sourceTree = "<group>";
		};
		3D70932C26DF3ED9005B1261 /* Products */ = {
			isa = PBXGroup;
			children = (
				3D70932B26DF3ED9005B1261 /* Propinas.app */,
				3D70934126DF3EDB005B1261 /* PropinasTests.xctest */,
				3D70934C26DF3EDB005B1261 /* PropinasUITests.xctest */,
			);
			name = Products;
			sourceTree = "<group>";
		};
		3D70932D26DF3ED9005B1261 /* Propinas */ = {
			isa = PBXGroup;
			children = (
				3D70932E26DF3ED9005B1261 /* AppDelegate.swift */,
				3D70933026DF3ED9005B1261 /* SceneDelegate.swift */,
				3D70933226DF3ED9005B1261 /* ViewController.swift */,
				3D70933426DF3ED9005B1261 /* Main.storyboard */,
				3D70933726DF3EDB005B1261 /* Assets.xcassets */,
				3D70933926DF3EDB005B1261 /* LaunchScreen.storyboard */,
				3D70933C26DF3EDB005B1261 /* Info.plist */,
			);
			path = Propinas;
			sourceTree = "<group>";
		};
		3D70934426DF3EDB005B1261 /* PropinasTests */ = {
			isa = PBXGroup;
			children = (
				3D70934526DF3EDB005B1261 /* PropinasTests.swift */,
				3D70934726DF3EDB005B1261 /* Info.plist */,
			);
			path = PropinasTests;
			sourceTree = "<group>";
		};
		3D70934F26DF3EDB005B1261 /* PropinasUITests */ = {
			isa = PBXGroup;
			children = (
				3D70935026DF3EDC005B1261 /* PropinasUITests.swift */,
				3D70935226DF3EDC005B1261 /* Info.plist */,
			);
			path = PropinasUITests;
			sourceTree = "<group>";
		};
/* End PBXGroup section */

/* Begin PBXNativeTarget section */
		3D70932A26DF3ED9005B1261 /* Propinas */ = {
			isa = PBXNativeTarget;
			buildConfigurationList = 3D70935526DF3EDC005B1261 /* Build configuration list for PBXNativeTarget "Propinas" */;
			buildPhases = (
				3D70932726DF3ED9005B1261 /* Sources */,
				3D70932826DF3ED9005B1261 /* Frameworks */,
				3D70932926DF3ED9005B1261 /* Resources */,
			);
			buildRules = (
			);
			dependencies = (
			);
			name = Propinas;
			productName = Propinas;
			productReference = 3D70932B26DF3ED9005B1261 /* Propinas.app */;
			productType = "com.apple.product-type.application";
		};
		3D70934026DF3EDB005B1261 /* PropinasTests */ = {
			isa = PBXNativeTarget;
			buildConfigurationList = 3D70935826DF3EDC005B1261 /* Build configuration list for PBXNativeTarget "PropinasTests" */;
			buildPhases = (
				3D70933D26DF3EDB005B1261 /* Sources */,
				3D70933E26DF3EDB005B1261 /* Frameworks */,
				3D70933F26DF3EDB005B1261 /* Resources */,
			);
			buildRules = (
			);
			dependencies = (
				3D70934326DF3EDB005B1261 /* PBXTargetDependency */,
			);
			name = PropinasTests;
			productName = PropinasTests;
			productReference = 3D70934126DF3EDB005B1261 /* PropinasTests.xctest */;
			productType = "com.apple.product-type.bundle.unit-test";
		};
		3D70934B26DF3EDB005B1261 /* PropinasUITests */ = {
			isa = PBXNativeTarget;
			buildConfigurationList = 3D70935B26DF3EDC005B1261 /* Build configuration list for PBXNativeTarget "PropinasUITests" */;
			buildPhases = (
				3D70934826DF3EDB005B1261 /* Sources */,
				3D70934926DF3EDB005B1261 /* Frameworks */,
				3D70934A26DF3EDB005B1261 /* Resources */,
			);
			buildRules = (
			);
			dependencies = (
				3D70934E26DF3EDB005B1261 /* PBXTargetDependency */,
			);
			name = PropinasUITests;
			productName = PropinasUITests;
			productReference = 3D70934C26DF3EDB005B1261 /* PropinasUITests.xctest */;
			productType = "com.apple.product-type.bundle.ui-testing";
		};
/* End PBXNativeTarget section */

/* Begin PBXProject section */
		3D70932326DF3ED9005B1261 /* Project object */ = {
			isa = PBXProject;
			attributes = {
				LastSwiftUpdateCheck = 1130;
				LastUpgradeCheck = 1130;
				ORGANIZATIONNAME = Alumno;
				TargetAttributes = {
					3D70932A26DF3ED9005B1261 = {
						CreatedOnToolsVersion = 11.3.1;
					};
					3D70934026DF3EDB005B1261 = {
						CreatedOnToolsVersion = 11.3.1;
						TestTargetID = 3D70932A26DF3ED9005B1261;
					};
					3D70934B26DF3EDB005B1261 = {
						CreatedOnToolsVersion = 11.3.1;
						TestTargetID = 3D70932A26DF3ED9005B1261;
					};
				};
			};
			buildConfigurationList = 3D70932626DF3ED9005B1261 /* Build configuration list for PBXProject "Propinas" */;
			compatibilityVersion = "Xcode 9.3";
			developmentRegion = en;
			hasScannedForEncodings = 0;
			knownRegions = (
				en,
				Base,
			);
			mainGroup = 3D70932226DF3ED9005B1261;
			productRefGroup = 3D70932C26DF3ED9005B1261 /* Products */;
			projectDirPath = "";
			projectRoot = "";
			targets = (
				3D70932A26DF3ED9005B1261 /* Propinas */,
				3D70934026DF3EDB005B1261 /* PropinasTests */,
				3D70934B26DF3EDB005B1261 /* PropinasUITests */,
			);
		};
/* End PBXProject section */

/* Begin PBXResourcesBuildPhase section */
		3D70932926DF3ED9005B1261 /* Resources */ = {
			isa = PBXResourcesBuildPhase;
			buildActionMask = 2147483647;
			files = (
				3D70933B26DF3EDB005B1261 /* LaunchScreen.storyboard in Resources */,
				3D70933826DF3EDB005B1261 /* Assets.xcassets in Resources */,
				3D70933626DF3ED9005B1261 /* Main.storyboard in Resources */,
			);
			runOnlyForDeploymentPostprocessing = 0;
		};
		3D70933F26DF3EDB005B1261 /* Resources */ = {
			isa = PBXResourcesBuildPhase;
			buildActionMask = 2147483647;
			files = (
			);
			runOnlyForDeploymentPostprocessing = 0;
		};
		3D70934A26DF3EDB005B1261 /* Resources */ = {
			isa = PBXResourcesBuildPhase;
			buildActionMask = 2147483647;
			files = (
			);
			runOnlyForDeploymentPostprocessing = 0;
		};
/* End PBXResourcesBuildPhase section */

/* Begin PBXSourcesBuildPhase section */
		3D70932726DF3ED9005B1261 /* Sources */ = {
			isa = PBXSourcesBuildPhase;
			buildActionMask = 2147483647;
			files = (
				3D70933326DF3ED9005B1261 /* ViewController.swift in Sources */,
				3D70932F26DF3ED9005B1261 /* AppDelegate.swift in Sources */,
				3D70933126DF3ED9005B1261 /* SceneDelegate.swift in Sources */,
			);
			runOnlyForDeploymentPostprocessing = 0;
		};
		3D70933D26DF3EDB005B1261 /* Sources */ = {
			isa = PBXSourcesBuildPhase;
			buildActionMask = 2147483647;
			files = (
				3D70934626DF3EDB005B1261 /* PropinasTests.swift in Sources */,
			);
			runOnlyForDeploymentPostprocessing = 0;
		};
		3D70934826DF3EDB005B1261 /* Sources */ = {
			isa = PBXSourcesBuildPhase;
			buildActionMask = 2147483647;
			files = (
				3D70935126DF3EDC005B1261 /* PropinasUITests.swift in Sources */,
			);
			runOnlyForDeploymentPostprocessing = 0;
		};
/* End PBXSourcesBuildPhase section */

/* Begin PBXTargetDependency section */
		3D70934326DF3EDB005B1261 /* PBXTargetDependency */ = {
			isa = PBXTargetDependency;
			target = 3D70932A26DF3ED9005B1261 /* Propinas */;
			targetProxy = 3D70934226DF3EDB005B1261 /* PBXContainerItemProxy */;
		};
		3D70934E26DF3EDB005B1261 /* PBXTargetDependency */ = {
			isa = PBXTargetDependency;
			target = 3D70932A26DF3ED9005B1261 /* Propinas */;
			targetProxy = 3D70934D26DF3EDB005B1261 /* PBXContainerItemProxy */;
		};
/* End PBXTargetDependency section */

/* Begin PBXVariantGroup section */
		3D70933426DF3ED9005B1261 /* Main.storyboard */ = {
			isa = PBXVariantGroup;
			children = (
				3D70933526DF3ED9005B1261 /* Base */,
			);
			name = Main.storyboard;
			sourceTree = "<group>";
		};
		3D70933926DF3EDB005B1261 /* LaunchScreen.storyboard */ = {
			isa = PBXVariantGroup;
			children = (
				3D70933A26DF3EDB005B1261 /* Base */,
			);
			name = LaunchScreen.storyboard;
			sourceTree = "<group>";
		};
/* End PBXVariantGroup section */

/* Begin XCBuildConfiguration section */
		3D70935326DF3EDC005B1261 /* Debug */ = {
			isa = XCBuildConfiguration;
			buildSettings = {
				ALWAYS_SEARCH_USER_PATHS = NO;
				CLANG_ANALYZER_NONNULL = YES;
				CLANG_ANALYZER_NUMBER_OBJECT_CONVERSION = YES_AGGRESSIVE;
				CLANG_CXX_LANGUAGE_STANDARD = "gnu++14";
				CLANG_CXX_LIBRARY = "libc++";
				CLANG_ENABLE_MODULES = YES;
				CLANG_ENABLE_OBJC_ARC = YES;
				CLANG_ENABLE_OBJC_WEAK = YES;
				CLANG_WARN_BLOCK_CAPTURE_AUTORELEASING = YES;
				CLANG_WARN_BOOL_CONVERSION = YES;
				CLANG_WARN_COMMA = YES;
				CLANG_WARN_CONSTANT_CONVERSION = YES;
				CLANG_WARN_DEPRECATED_OBJC_IMPLEMENTATIONS = YES;
				CLANG_WARN_DIRECT_OBJC_ISA_USAGE = YES_ERROR;
				CLANG_WARN_DOCUMENTATION_COMMENTS = YES;
				CLANG_WARN_EMPTY_BODY = YES;
				CLANG_WARN_ENUM_CONVERSION = YES;
				CLANG_WARN_INFINITE_RECURSION = YES;
				CLANG_WARN_INT_CONVERSION = YES;
				CLANG_WARN_NON_LITERAL_NULL_CONVERSION = YES;
				CLANG_WARN_OBJC_IMPLICIT_RETAIN_SELF = YES;
				CLANG_WARN_OBJC_LITERAL_CONVERSION = YES;
				CLANG_WARN_OBJC_ROOT_CLASS = YES_ERROR;
				CLANG_WARN_RANGE_LOOP_ANALYSIS = YES;
				CLANG_WARN_STRICT_PROTOTYPES = YES;
				CLANG_WARN_SUSPICIOUS_MOVE = YES;
				CLANG_WARN_UNGUARDED_AVAILABILITY = YES_AGGRESSIVE;
				CLANG_WARN_UNREACHABLE_CODE = YES;
				CLANG_WARN__DUPLICATE_METHOD_MATCH = YES;
				COPY_PHASE_STRIP = NO;
				DEBUG_INFORMATION_FORMAT = dwarf;
				ENABLE_STRICT_OBJC_MSGSEND = YES;
				ENABLE_TESTABILITY = YES;
				GCC_C_LANGUAGE_STANDARD = gnu11;
				GCC_DYNAMIC_NO_PIC = NO;
				GCC_NO_COMMON_BLOCKS = YES;
				GCC_OPTIMIZATION_LEVEL = 0;
				GCC_PREPROCESSOR_DEFINITIONS = (
					"DEBUG=1",
					"$(inherited)",
				);
				GCC_WARN_64_TO_32_BIT_CONVERSION = YES;
				GCC_WARN_ABOUT_RETURN_TYPE = YES_ERROR;
				GCC_WARN_UNDECLARED_SELECTOR = YES;
				GCC_WARN_UNINITIALIZED_AUTOS = YES_AGGRESSIVE;
				GCC_WARN_UNUSED_FUNCTION = YES;
				GCC_WARN_UNUSED_VARIABLE = YES;
				IPHONEOS_DEPLOYMENT_TARGET = 13.2;
				MTL_ENABLE_DEBUG_INFO = INCLUDE_SOURCE;
				MTL_FAST_MATH = YES;
				ONLY_ACTIVE_ARCH = YES;
				SDKROOT = iphoneos;
				SWIFT_ACTIVE_COMPILATION_CONDITIONS = DEBUG;
				SWIFT_OPTIMIZATION_LEVEL = "-Onone";
			};
			name = Debug;
		};
		3D70935426DF3EDC005B1261 /* Release */ = {
			isa = XCBuildConfiguration;
			buildSettings = {
				ALWAYS_SEARCH_USER_PATHS = NO;
				CLANG_ANALYZER_NONNULL = YES;
				CLANG_ANALYZER_NUMBER_OBJECT_CONVERSION = YES_AGGRESSIVE;
				CLANG_CXX_LANGUAGE_STANDARD = "gnu++14";
				CLANG_CXX_LIBRARY = "libc++";
				CLANG_ENABLE_MODULES = YES;
				CLANG_ENABLE_OBJC_ARC = YES;
				CLANG_ENABLE_OBJC_WEAK = YES;
				CLANG_WARN_BLOCK_CAPTURE_AUTORELEASING = YES;
				CLANG_WARN_BOOL_CONVERSION = YES;
				CLANG_WARN_COMMA = YES;
				CLANG_WARN_CONSTANT_CONVERSION = YES;
				CLANG_WARN_DEPRECATED_OBJC_IMPLEMENTATIONS = YES;
				CLANG_WARN_DIRECT_OBJC_ISA_USAGE = YES_ERROR;
				CLANG_WARN_DOCUMENTATION_COMMENTS = YES;
				CLANG_WARN_EMPTY_BODY = YES;
				CLANG_WARN_ENUM_CONVERSION = YES;
				CLANG_WARN_INFINITE_RECURSION = YES;
				CLANG_WARN_INT_CONVERSION = YES;
				CLANG_WARN_NON_LITERAL_NULL_CONVERSION = YES;
				CLANG_WARN_OBJC_IMPLICIT_RETAIN_SELF = YES;
				CLANG_WARN_OBJC_LITERAL_CONVERSION = YES;
				CLANG_WARN_OBJC_ROOT_CLASS = YES_ERROR;
				CLANG_WARN_RANGE_LOOP_ANALYSIS = YES;
				CLANG_WARN_STRICT_PROTOTYPES = YES;
				CLANG_WARN_SUSPICIOUS_MOVE = YES;
				CLANG_WARN_UNGUARDED_AVAILABILITY = YES_AGGRESSIVE;
				CLANG_WARN_UNREACHABLE_CODE = YES;
				CLANG_WARN__DUPLICATE_METHOD_MATCH = YES;
				COPY_PHASE_STRIP = NO;
				DEBUG_INFORMATION_FORMAT = "dwarf-with-dsym";
				ENABLE_NS_ASSERTIONS = NO;
				ENABLE_STRICT_OBJC_MSGSEND = YES;
				GCC_C_LANGUAGE_STANDARD = gnu11;
				GCC_NO_COMMON_BLOCKS = YES;
				GCC_WARN_64_TO_32_BIT_CONVERSION = YES;
				GCC_WARN_ABOUT_RETURN_TYPE = YES_ERROR;
				GCC_WARN_UNDECLARED_SELECTOR = YES;
				GCC_WARN_UNINITIALIZED_AUTOS = YES_AGGRESSIVE;
				GCC_WARN_UNUSED_FUNCTION = YES;
				GCC_WARN_UNUSED_VARIABLE = YES;
				IPHONEOS_DEPLOYMENT_TARGET = 13.2;
				MTL_ENABLE_DEBUG_INFO = NO;
				MTL_FAST_MATH = YES;
				SDKROOT = iphoneos;
				SWIFT_COMPILATION_MODE = wholemodule;
				SWIFT_OPTIMIZATION_LEVEL = "-O";
				VALIDATE_PRODUCT = YES;
			};
			name = Release;
		};
		3D70935626DF3EDC005B1261 /* Debug */ = {
			isa = XCBuildConfiguration;
			buildSettings = {
				ASSETCATALOG_COMPILER_APPICON_NAME = AppIcon;
				CODE_SIGN_STYLE = Automatic;
				INFOPLIST_FILE = Propinas/Info.plist;
				LD_RUNPATH_SEARCH_PATHS = (
					"$(inherited)",
					"@executable_path/Frameworks",
				);
				PRODUCT_BUNDLE_IDENTIFIER = edu.ulsa.Propinas;
				PRODUCT_NAME = "$(TARGET_NAME)";
				SWIFT_VERSION = 5.0;
				TARGETED_DEVICE_FAMILY = "1,2";
			};
			name = Debug;
		};
		3D70935726DF3EDC005B1261 /* Release */ = {
			isa = XCBuildConfiguration;
			buildSettings = {
				ASSETCATALOG_COMPILER_APPICON_NAME = AppIcon;
				CODE_SIGN_STYLE = Automatic;
				INFOPLIST_FILE = Propinas/Info.plist;
				LD_RUNPATH_SEARCH_PATHS = (
					"$(inherited)",
					"@executable_path/Frameworks",
				);
				PRODUCT_BUNDLE_IDENTIFIER = edu.ulsa.Propinas;
				PRODUCT_NAME = "$(TARGET_NAME)";
				SWIFT_VERSION = 5.0;
				TARGETED_DEVICE_FAMILY = "1,2";
			};
			name = Release;
		};
		3D70935926DF3EDC005B1261 /* Debug */ = {
			isa = XCBuildConfiguration;
			buildSettings = {
				ALWAYS_EMBED_SWIFT_STANDARD_LIBRARIES = YES;
				BUNDLE_LOADER = "$(TEST_HOST)";
				CODE_SIGN_STYLE = Automatic;
				INFOPLIST_FILE = PropinasTests/Info.plist;
				IPHONEOS_DEPLOYMENT_TARGET = 13.2;
				LD_RUNPATH_SEARCH_PATHS = (
					"$(inherited)",
					"@executable_path/Frameworks",
					"@loader_path/Frameworks",
				);
				PRODUCT_BUNDLE_IDENTIFIER = edu.ulsa.PropinasTests;
				PRODUCT_NAME = "$(TARGET_NAME)";
				SWIFT_VERSION = 5.0;
				TARGETED_DEVICE_FAMILY = "1,2";
				TEST_HOST = "$(BUILT_PRODUCTS_DIR)/Propinas.app/Propinas";
			};
			name = Debug;
		};
		3D70935A26DF3EDC005B1261 /* Release */ = {
			isa = XCBuildConfiguration;
			buildSettings = {
				ALWAYS_EMBED_SWIFT_STANDARD_LIBRARIES = YES;
				BUNDLE_LOADER = "$(TEST_HOST)";
				CODE_SIGN_STYLE = Automatic;
				INFOPLIST_FILE = PropinasTests/Info.plist;
				IPHONEOS_DEPLOYMENT_TARGET = 13.2;
				LD_RUNPATH_SEARCH_PATHS = (
					"$(inherited)",
					"@executable_path/Frameworks",
					"@loader_path/Frameworks",
				);
				PRODUCT_BUNDLE_IDENTIFIER = edu.ulsa.PropinasTests;
				PRODUCT_NAME = "$(TARGET_NAME)";
				SWIFT_VERSION = 5.0;
				TARGETED_DEVICE_FAMILY = "1,2";
				TEST_HOST = "$(BUILT_PRODUCTS_DIR)/Propinas.app/Propinas";
			};
			name = Release;
		};
		3D70935C26DF3EDC005B1261 /* Debug */ = {
			isa = XCBuildConfiguration;
			buildSettings = {
				ALWAYS_EMBED_SWIFT_STANDARD_LIBRARIES = YES;
				CODE_SIGN_STYLE = Automatic;
				INFOPLIST_FILE = PropinasUITests/Info.plist;
				LD_RUNPATH_SEARCH_PATHS = (
					"$(inherited)",
					"@executable_path/Frameworks",
					"@loader_path/Frameworks",
				);
				PRODUCT_BUNDLE_IDENTIFIER = edu.ulsa.PropinasUITests;
				PRODUCT_NAME = "$(TARGET_NAME)";
				SWIFT_VERSION = 5.0;
				TARGETED_DEVICE_FAMILY = "1,2";
				TEST_TARGET_NAME = Propinas;
			};
			name = Debug;
		};
		3D70935D26DF3EDC005B1261 /* Release */ = {
			isa = XCBuildConfiguration;
			buildSettings = {
				ALWAYS_EMBED_SWIFT_STANDARD_LIBRARIES = YES;
				CODE_SIGN_STYLE = Automatic;
				INFOPLIST_FILE = PropinasUITests/Info.plist;
				LD_RUNPATH_SEARCH_PATHS = (
					"$(inherited)",
					"@executable_path/Frameworks",
					"@loader_path/Frameworks",
				);
				PRODUCT_BUNDLE_IDENTIFIER = edu.ulsa.PropinasUITests;
				PRODUCT_NAME = "$(TARGET_NAME)";
				SWIFT_VERSION = 5.0;
				TARGETED_DEVICE_FAMILY = "1,2";
				TEST_TARGET_NAME = Propinas;
			};
			name = Release;
		};
/* End XCBuildConfiguration section */

/* Begin XCConfigurationList section */
		3D70932626DF3ED9005B1261 /* Build configuration list for PBXProject "Propinas" */ = {
			isa = XCConfigurationList;
			buildConfigurations = (
				3D70935326DF3EDC005B1261 /* Debug */,
				3D70935426DF3EDC005B1261 /* Release */,
			);
			defaultConfigurationIsVisible = 0;
			defaultConfigurationName = Release;
		};
		3D70935526DF3EDC005B1261 /* Build configuration list for PBXNativeTarget "Propinas" */ = {
			isa = XCConfigurationList;
			buildConfigurations = (
				3D70935626DF3EDC005B1261 /* Debug */,
				3D70935726DF3EDC005B1261 /* Release */,
			);
			defaultConfigurationIsVisible = 0;
			defaultConfigurationName = Release;
		};
		3D70935826DF3EDC005B1261 /* Build configuration list for PBXNativeTarget "PropinasTests" */ = {
			isa = XCConfigurationList;
			buildConfigurations = (
				3D70935926DF3EDC005B1261 /* Debug */,
				3D70935A26DF3EDC005B1261 /* Release */,
			);
			defaultConfigurationIsVisible = 0;
			defaultConfigurationName = Release;
		};
		3D70935B26DF3EDC005B1261 /* Build configuration list for PBXNativeTarget "PropinasUITests" */ = {
			isa = XCConfigurationList;
			buildConfigurations = (
				3D70935C26DF3EDC005B1261 /* Debug */,
				3D70935D26DF3EDC005B1261 /* Release */,
			);
			defaultConfigurationIsVisible = 0;
			defaultConfigurationName = Release;
		};
/* End XCConfigurationList section */
	};
	rootObject = 3D70932326DF3ED9005B1261 /* Project object */;
}
